
Microsoft Visual Studio Solution File, Format Version 12.00
# Visual Studio Version 16
VisualStudioVersion = 16.0.31729.503
MinimumVisualStudioVersion = 10.0.40219.1
Project("{FAE04EC0-301F-11D3-BF4B-00C04F79EFBC}") = "UsandoInterfaces", "UsandoInterfaces.csproj", "{0A5890FE-649A-4BF8-B718-68563C2E8FF8}"
EndProject
Project("{FAE04EC0-301F-11D3-BF4B-00C04F79EFBC}") = "SemInterface", "SemInterface\SemInterface.csproj", "{A7811822-4C3A-4EB0-B96C-232E739F7BD9}"
EndProject
Global
	GlobalSection(SolutionConfigurationPlatforms) = preSolution
		Debug|Any CPU = Debug|Any CPU
		Release|Any CPU = Release|Any CPU
	EndGlobalSection
	GlobalSection(ProjectConfigurationPlatforms) = postSolution
		{0A5890FE-649A-4BF8-B718-68563C2E8FF8}.Debug|Any CPU.ActiveCfg = Debug|Any CPU
		{0A5890FE-649A-4BF8-B718-68563C2E8FF8}.Debug|Any CPU.Build.0 = Debug|Any CPU
		{0A5890FE-649A-4BF8-B718-68563C2E8FF8}.Release|Any CPU.ActiveCfg = Release|Any CPU
		{0A5890FE-649A-4BF8-B718-68563C2E8FF8}.Release|Any CPU.Build.0 = Release|Any CPU
		{A7811822-4C3A-4EB0-B96C-232E739F7BD9}.Debug|Any CPU.ActiveCfg = Debug|Any CPU
		{A7811822-4C3A-4EB0-B96C-232E739F7BD9}.Debug|Any CPU.Build.0 = Debug|Any CPU
		{A7811822-4C3A-4EB0-B96C-232E739F7BD9}.Release|Any CPU.ActiveCfg = Release|Any CPU
		{A7811822-4C3A-4EB0-B96C-232E739F7BD9}.Release|Any CPU.Build.0 = Release|Any CPU
	EndGlobalSection
	GlobalSection(SolutionProperties) = preSolution
		HideSolutionNode = FALSE
	EndGlobalSection
	GlobalSection(ExtensibilityGlobals) = postSolution
		SolutionGuid = {2D169690-5406-4ADA-9114-F974181D522B}
	EndGlobalSection
EndGlobal
